// !$*UTF8*$!
{
	archiveVersion = 1;
	classes = {
	};
	objectVersion = 56;
	objects = {

/* Begin PBXBuildFile section */
		C022FC642AE5154A00C18BC1 /* Response.swift in Sources */ = {isa = PBXBuildFile; fileRef = C022FC632AE5154A00C18BC1 /* Response.swift */; };
		C071CDD02AE4E49F0054838B /* ButtonViewModifier.swift in Sources */ = {isa = PBXBuildFile; fileRef = C071CDCF2AE4E49F0054838B /* ButtonViewModifier.swift */; };
		C074A4832AE553990040698A /* Resolver.swift in Sources */ = {isa = PBXBuildFile; fileRef = C074A4822AE553990040698A /* Resolver.swift */; };
		C09F0B932AE479FB00DB4239 /* FoodHackathon_iOSApp.swift in Sources */ = {isa = PBXBuildFile; fileRef = C09F0B922AE479FB00DB4239 /* FoodHackathon_iOSApp.swift */; };
		C09F0B952AE479FB00DB4239 /* ContentView.swift in Sources */ = {isa = PBXBuildFile; fileRef = C09F0B942AE479FB00DB4239 /* ContentView.swift */; };
		C09F0B972AE479FC00DB4239 /* Assets.xcassets in Resources */ = {isa = PBXBuildFile; fileRef = C09F0B962AE479FC00DB4239 /* Assets.xcassets */; };
		C09F0B9A2AE479FC00DB4239 /* Preview Assets.xcassets in Resources */ = {isa = PBXBuildFile; fileRef = C09F0B992AE479FC00DB4239 /* Preview Assets.xcassets */; };
		C09F0BA22AE47A8D00DB4239 /* FirebaseAnalytics in Frameworks */ = {isa = PBXBuildFile; productRef = C09F0BA12AE47A8D00DB4239 /* FirebaseAnalytics */; };
		C09F0BA42AE47A8D00DB4239 /* FirebaseAnalyticsOnDeviceConversion in Frameworks */ = {isa = PBXBuildFile; productRef = C09F0BA32AE47A8D00DB4239 /* FirebaseAnalyticsOnDeviceConversion */; };
		C09F0BA62AE47A8D00DB4239 /* FirebaseAnalyticsSwift in Frameworks */ = {isa = PBXBuildFile; productRef = C09F0BA52AE47A8D00DB4239 /* FirebaseAnalyticsSwift */; };
		C09F0BA82AE47A8D00DB4239 /* FirebaseAnalyticsWithoutAdIdSupport in Frameworks */ = {isa = PBXBuildFile; productRef = C09F0BA72AE47A8D00DB4239 /* FirebaseAnalyticsWithoutAdIdSupport */; };
		C09F0BAA2AE47A8D00DB4239 /* FirebaseAppCheck in Frameworks */ = {isa = PBXBuildFile; productRef = C09F0BA92AE47A8D00DB4239 /* FirebaseAppCheck */; };
		C09F0BAC2AE47A8D00DB4239 /* FirebaseAppDistribution-Beta in Frameworks */ = {isa = PBXBuildFile; productRef = C09F0BAB2AE47A8D00DB4239 /* FirebaseAppDistribution-Beta */; };
		C09F0BAE2AE47A8D00DB4239 /* FirebaseAuth in Frameworks */ = {isa = PBXBuildFile; productRef = C09F0BAD2AE47A8D00DB4239 /* FirebaseAuth */; };
		C09F0BB02AE47A8D00DB4239 /* FirebaseAuthCombine-Community in Frameworks */ = {isa = PBXBuildFile; productRef = C09F0BAF2AE47A8D00DB4239 /* FirebaseAuthCombine-Community */; };
		C09F0BB22AE47A8D00DB4239 /* FirebaseCrashlytics in Frameworks */ = {isa = PBXBuildFile; productRef = C09F0BB12AE47A8D00DB4239 /* FirebaseCrashlytics */; };
		C09F0BB42AE47A8D00DB4239 /* FirebaseDatabase in Frameworks */ = {isa = PBXBuildFile; productRef = C09F0BB32AE47A8D00DB4239 /* FirebaseDatabase */; };
		C09F0BB62AE47A8D00DB4239 /* FirebaseDatabaseSwift in Frameworks */ = {isa = PBXBuildFile; productRef = C09F0BB52AE47A8D00DB4239 /* FirebaseDatabaseSwift */; };
		C09F0BB82AE47A8D00DB4239 /* FirebaseDynamicLinks in Frameworks */ = {isa = PBXBuildFile; productRef = C09F0BB72AE47A8D00DB4239 /* FirebaseDynamicLinks */; };
		C09F0BBA2AE47A8D00DB4239 /* FirebaseFirestore in Frameworks */ = {isa = PBXBuildFile; productRef = C09F0BB92AE47A8D00DB4239 /* FirebaseFirestore */; };
		C09F0BBC2AE47A8D00DB4239 /* FirebaseFirestoreCombine-Community in Frameworks */ = {isa = PBXBuildFile; productRef = C09F0BBB2AE47A8D00DB4239 /* FirebaseFirestoreCombine-Community */; };
		C09F0BBE2AE47A8D00DB4239 /* FirebaseFirestoreSwift in Frameworks */ = {isa = PBXBuildFile; productRef = C09F0BBD2AE47A8D00DB4239 /* FirebaseFirestoreSwift */; };
		C09F0BC02AE47A8D00DB4239 /* FirebaseFunctions in Frameworks */ = {isa = PBXBuildFile; productRef = C09F0BBF2AE47A8D00DB4239 /* FirebaseFunctions */; };
		C09F0BC22AE47A8D00DB4239 /* FirebaseFunctionsCombine-Community in Frameworks */ = {isa = PBXBuildFile; productRef = C09F0BC12AE47A8D00DB4239 /* FirebaseFunctionsCombine-Community */; };
		C09F0BC42AE47A8D00DB4239 /* FirebaseInAppMessaging-Beta in Frameworks */ = {isa = PBXBuildFile; productRef = C09F0BC32AE47A8D00DB4239 /* FirebaseInAppMessaging-Beta */; };
		C09F0BC62AE47A8D00DB4239 /* FirebaseInAppMessagingSwift-Beta in Frameworks */ = {isa = PBXBuildFile; productRef = C09F0BC52AE47A8D00DB4239 /* FirebaseInAppMessagingSwift-Beta */; };
		C09F0BC82AE47A8D00DB4239 /* FirebaseInstallations in Frameworks */ = {isa = PBXBuildFile; productRef = C09F0BC72AE47A8D00DB4239 /* FirebaseInstallations */; };
		C09F0BCA2AE47A8D00DB4239 /* FirebaseMLModelDownloader in Frameworks */ = {isa = PBXBuildFile; productRef = C09F0BC92AE47A8D00DB4239 /* FirebaseMLModelDownloader */; };
		C09F0BCC2AE47A8D00DB4239 /* FirebaseMessaging in Frameworks */ = {isa = PBXBuildFile; productRef = C09F0BCB2AE47A8D00DB4239 /* FirebaseMessaging */; };
		C09F0BCE2AE47A8D00DB4239 /* FirebasePerformance in Frameworks */ = {isa = PBXBuildFile; productRef = C09F0BCD2AE47A8D00DB4239 /* FirebasePerformance */; };
		C09F0BD02AE47A8D00DB4239 /* FirebaseRemoteConfig in Frameworks */ = {isa = PBXBuildFile; productRef = C09F0BCF2AE47A8D00DB4239 /* FirebaseRemoteConfig */; };
		C09F0BD22AE47A8D00DB4239 /* FirebaseRemoteConfigSwift in Frameworks */ = {isa = PBXBuildFile; productRef = C09F0BD12AE47A8D00DB4239 /* FirebaseRemoteConfigSwift */; };
		C09F0BD42AE47A8D00DB4239 /* FirebaseStorage in Frameworks */ = {isa = PBXBuildFile; productRef = C09F0BD32AE47A8D00DB4239 /* FirebaseStorage */; };
		C09F0BD62AE47A8D00DB4239 /* FirebaseStorageCombine-Community in Frameworks */ = {isa = PBXBuildFile; productRef = C09F0BD52AE47A8D00DB4239 /* FirebaseStorageCombine-Community */; };
		C09F0BE12AE47E5000DB4239 /* RouterView.swift in Sources */ = {isa = PBXBuildFile; fileRef = C09F0BE02AE47E5000DB4239 /* RouterView.swift */; };
		C09F0BE32AE47E9D00DB4239 /* AuthenticationManager.swift in Sources */ = {isa = PBXBuildFile; fileRef = C09F0BE22AE47E9D00DB4239 /* AuthenticationManager.swift */; };
		C09F0BE52AE47F1100DB4239 /* UserModel.swift in Sources */ = {isa = PBXBuildFile; fileRef = C09F0BE42AE47F1100DB4239 /* UserModel.swift */; };
		C09F0BE72AE481C600DB4239 /* Crop.swift in Sources */ = {isa = PBXBuildFile; fileRef = C09F0BE62AE481C600DB4239 /* Crop.swift */; };
		C09F0BEA2AE48D2000DB4239 /* AuthenticationView.swift in Sources */ = {isa = PBXBuildFile; fileRef = C09F0BE92AE48D2000DB4239 /* AuthenticationView.swift */; };
		C09F0BEC2AE48D5C00DB4239 /* SignUpView.swift in Sources */ = {isa = PBXBuildFile; fileRef = C09F0BEB2AE48D5C00DB4239 /* SignUpView.swift */; };
		C09F0BEE2AE48D6200DB4239 /* SignInView.swift in Sources */ = {isa = PBXBuildFile; fileRef = C09F0BED2AE48D6200DB4239 /* SignInView.swift */; };
		C09F0BF02AE48DDC00DB4239 /* AppView.swift in Sources */ = {isa = PBXBuildFile; fileRef = C09F0BEF2AE48DDC00DB4239 /* AppView.swift */; };
		C09F0BF22AE48EA700DB4239 /* Credentials.swift in Sources */ = {isa = PBXBuildFile; fileRef = C09F0BF12AE48EA700DB4239 /* Credentials.swift */; };
		C09F0BF52AE498E400DB4239 /* SignUpViewModel.swift in Sources */ = {isa = PBXBuildFile; fileRef = C09F0BF42AE498E400DB4239 /* SignUpViewModel.swift */; };
		C09F0BF72AE498ED00DB4239 /* SignInViewModel.swift in Sources */ = {isa = PBXBuildFile; fileRef = C09F0BF62AE498ED00DB4239 /* SignInViewModel.swift */; };
		C09F0BFA2AE49EC500DB4239 /* CropTile.swift in Sources */ = {isa = PBXBuildFile; fileRef = C09F0BF92AE49EC500DB4239 /* CropTile.swift */; };
		C09F0BFC2AE4B17A00DB4239 /* LocationManager.swift in Sources */ = {isa = PBXBuildFile; fileRef = C09F0BFB2AE4B17A00DB4239 /* LocationManager.swift */; };
		C09F0C062AE4B71400DB4239 /* App+Injection.swift in Sources */ = {isa = PBXBuildFile; fileRef = C09F0C052AE4B71400DB4239 /* App+Injection.swift */; };
		C0ACEC672AE4EF6C00599EDA /* SettingsView.swift in Sources */ = {isa = PBXBuildFile; fileRef = C0ACEC662AE4EF6C00599EDA /* SettingsView.swift */; };
		C0ACEC692AE4F1AD00599EDA /* HomeViewModel.swift in Sources */ = {isa = PBXBuildFile; fileRef = C0ACEC682AE4F1AD00599EDA /* HomeViewModel.swift */; };
		C0ACEC6B2AE4F57800599EDA /* CropRecs.swift in Sources */ = {isa = PBXBuildFile; fileRef = C0ACEC6A2AE4F57800599EDA /* CropRecs.swift */; };
		C0ACEC6D2AE4F75300599EDA /* CropRecsView.swift in Sources */ = {isa = PBXBuildFile; fileRef = C0ACEC6C2AE4F75300599EDA /* CropRecsView.swift */; };
		C0CC32F42AE54D0C00E52CAE /* HomeView.swift in Sources */ = {isa = PBXBuildFile; fileRef = C0CC32F32AE54D0C00E52CAE /* HomeView.swift */; };
		C0CC32FE2AE54ED500E52CAE /* Alamofire in Frameworks */ = {isa = PBXBuildFile; productRef = C0CC32FD2AE54ED500E52CAE /* Alamofire */; };
/* End PBXBuildFile section */

/* Begin PBXFileReference section */
		C022FC632AE5154A00C18BC1 /* Response.swift */ = {isa = PBXFileReference; lastKnownFileType = sourcecode.swift; path = Response.swift; sourceTree = "<group>"; };
		C071CDCF2AE4E49F0054838B /* ButtonViewModifier.swift */ = {isa = PBXFileReference; lastKnownFileType = sourcecode.swift; path = ButtonViewModifier.swift; sourceTree = "<group>"; };
		C074A4822AE553990040698A /* Resolver.swift */ = {isa = PBXFileReference; lastKnownFileType = sourcecode.swift; path = Resolver.swift; sourceTree = "<group>"; };
		C09F0B8F2AE479FB00DB4239 /* Ritu-iOS.app */ = {isa = PBXFileReference; explicitFileType = wrapper.application; includeInIndex = 0; path = "Ritu-iOS.app"; sourceTree = BUILT_PRODUCTS_DIR; };
		C09F0B922AE479FB00DB4239 /* FoodHackathon_iOSApp.swift */ = {isa = PBXFileReference; lastKnownFileType = sourcecode.swift; path = FoodHackathon_iOSApp.swift; sourceTree = "<group>"; };
		C09F0B942AE479FB00DB4239 /* ContentView.swift */ = {isa = PBXFileReference; lastKnownFileType = sourcecode.swift; path = ContentView.swift; sourceTree = "<group>"; };
		C09F0B962AE479FC00DB4239 /* Assets.xcassets */ = {isa = PBXFileReference; lastKnownFileType = folder.assetcatalog; path = Assets.xcassets; sourceTree = "<group>"; };
		C09F0B992AE479FC00DB4239 /* Preview Assets.xcassets */ = {isa = PBXFileReference; lastKnownFileType = folder.assetcatalog; path = "Preview Assets.xcassets"; sourceTree = "<group>"; };
		C09F0BE02AE47E5000DB4239 /* RouterView.swift */ = {isa = PBXFileReference; lastKnownFileType = sourcecode.swift; path = RouterView.swift; sourceTree = "<group>"; };
		C09F0BE22AE47E9D00DB4239 /* AuthenticationManager.swift */ = {isa = PBXFileReference; lastKnownFileType = sourcecode.swift; path = AuthenticationManager.swift; sourceTree = "<group>"; };
		C09F0BE42AE47F1100DB4239 /* UserModel.swift */ = {isa = PBXFileReference; lastKnownFileType = sourcecode.swift; path = UserModel.swift; sourceTree = "<group>"; };
		C09F0BE62AE481C600DB4239 /* Crop.swift */ = {isa = PBXFileReference; lastKnownFileType = sourcecode.swift; path = Crop.swift; sourceTree = "<group>"; };
		C09F0BE92AE48D2000DB4239 /* AuthenticationView.swift */ = {isa = PBXFileReference; lastKnownFileType = sourcecode.swift; path = AuthenticationView.swift; sourceTree = "<group>"; };
		C09F0BEB2AE48D5C00DB4239 /* SignUpView.swift */ = {isa = PBXFileReference; lastKnownFileType = sourcecode.swift; path = SignUpView.swift; sourceTree = "<group>"; };
		C09F0BED2AE48D6200DB4239 /* SignInView.swift */ = {isa = PBXFileReference; lastKnownFileType = sourcecode.swift; path = SignInView.swift; sourceTree = "<group>"; };
		C09F0BEF2AE48DDC00DB4239 /* AppView.swift */ = {isa = PBXFileReference; lastKnownFileType = sourcecode.swift; path = AppView.swift; sourceTree = "<group>"; };
		C09F0BF12AE48EA700DB4239 /* Credentials.swift */ = {isa = PBXFileReference; lastKnownFileType = sourcecode.swift; path = Credentials.swift; sourceTree = "<group>"; };
		C09F0BF42AE498E400DB4239 /* SignUpViewModel.swift */ = {isa = PBXFileReference; lastKnownFileType = sourcecode.swift; path = SignUpViewModel.swift; sourceTree = "<group>"; };
		C09F0BF62AE498ED00DB4239 /* SignInViewModel.swift */ = {isa = PBXFileReference; lastKnownFileType = sourcecode.swift; path = SignInViewModel.swift; sourceTree = "<group>"; };
		C09F0BF92AE49EC500DB4239 /* CropTile.swift */ = {isa = PBXFileReference; lastKnownFileType = sourcecode.swift; path = CropTile.swift; sourceTree = "<group>"; };
		C09F0BFB2AE4B17A00DB4239 /* LocationManager.swift */ = {isa = PBXFileReference; lastKnownFileType = sourcecode.swift; path = LocationManager.swift; sourceTree = "<group>"; };
		C09F0C052AE4B71400DB4239 /* App+Injection.swift */ = {isa = PBXFileReference; lastKnownFileType = sourcecode.swift; path = "App+Injection.swift"; sourceTree = "<group>"; };
		C0ACEC662AE4EF6C00599EDA /* SettingsView.swift */ = {isa = PBXFileReference; lastKnownFileType = sourcecode.swift; path = SettingsView.swift; sourceTree = "<group>"; };
		C0ACEC682AE4F1AD00599EDA /* HomeViewModel.swift */ = {isa = PBXFileReference; lastKnownFileType = sourcecode.swift; path = HomeViewModel.swift; sourceTree = "<group>"; };
		C0ACEC6A2AE4F57800599EDA /* CropRecs.swift */ = {isa = PBXFileReference; lastKnownFileType = sourcecode.swift; path = CropRecs.swift; sourceTree = "<group>"; };
		C0ACEC6C2AE4F75300599EDA /* CropRecsView.swift */ = {isa = PBXFileReference; lastKnownFileType = sourcecode.swift; path = CropRecsView.swift; sourceTree = "<group>"; };
		C0CC32F32AE54D0C00E52CAE /* HomeView.swift */ = {isa = PBXFileReference; lastKnownFileType = sourcecode.swift; path = HomeView.swift; sourceTree = "<group>"; };
/* End PBXFileReference section */

/* Begin PBXFrameworksBuildPhase section */
		C09F0B8C2AE479FB00DB4239 /* Frameworks */ = {
			isa = PBXFrameworksBuildPhase;
			buildActionMask = 2147483647;
			files = (
				C09F0BB42AE47A8D00DB4239 /* FirebaseDatabase in Frameworks */,
				C0CC32FE2AE54ED500E52CAE /* Alamofire in Frameworks */,
				C09F0BC22AE47A8D00DB4239 /* FirebaseFunctionsCombine-Community in Frameworks */,
				C09F0BBA2AE47A8D00DB4239 /* FirebaseFirestore in Frameworks */,
				C09F0BA62AE47A8D00DB4239 /* FirebaseAnalyticsSwift in Frameworks */,
				C09F0BA22AE47A8D00DB4239 /* FirebaseAnalytics in Frameworks */,
				C09F0BA42AE47A8D00DB4239 /* FirebaseAnalyticsOnDeviceConversion in Frameworks */,
				C09F0BCA2AE47A8D00DB4239 /* FirebaseMLModelDownloader in Frameworks */,
				C09F0BBE2AE47A8D00DB4239 /* FirebaseFirestoreSwift in Frameworks */,
				C09F0BAA2AE47A8D00DB4239 /* FirebaseAppCheck in Frameworks */,
				C09F0BA82AE47A8D00DB4239 /* FirebaseAnalyticsWithoutAdIdSupport in Frameworks */,
				C09F0BAE2AE47A8D00DB4239 /* FirebaseAuth in Frameworks */,
				C09F0BB22AE47A8D00DB4239 /* FirebaseCrashlytics in Frameworks */,
				C09F0BD22AE47A8D00DB4239 /* FirebaseRemoteConfigSwift in Frameworks */,
				C09F0BC42AE47A8D00DB4239 /* FirebaseInAppMessaging-Beta in Frameworks */,
				C09F0BB62AE47A8D00DB4239 /* FirebaseDatabaseSwift in Frameworks */,
				C09F0BC02AE47A8D00DB4239 /* FirebaseFunctions in Frameworks */,
				C09F0BD62AE47A8D00DB4239 /* FirebaseStorageCombine-Community in Frameworks */,
				C09F0BD02AE47A8D00DB4239 /* FirebaseRemoteConfig in Frameworks */,
				C09F0BAC2AE47A8D00DB4239 /* FirebaseAppDistribution-Beta in Frameworks */,
				C09F0BB02AE47A8D00DB4239 /* FirebaseAuthCombine-Community in Frameworks */,
				C09F0BCE2AE47A8D00DB4239 /* FirebasePerformance in Frameworks */,
				C09F0BC62AE47A8D00DB4239 /* FirebaseInAppMessagingSwift-Beta in Frameworks */,
				C09F0BD42AE47A8D00DB4239 /* FirebaseStorage in Frameworks */,
				C09F0BB82AE47A8D00DB4239 /* FirebaseDynamicLinks in Frameworks */,
				C09F0BBC2AE47A8D00DB4239 /* FirebaseFirestoreCombine-Community in Frameworks */,
				C09F0BCC2AE47A8D00DB4239 /* FirebaseMessaging in Frameworks */,
				C09F0BC82AE47A8D00DB4239 /* FirebaseInstallations in Frameworks */,
			);
			runOnlyForDeploymentPostprocessing = 0;
		};
/* End PBXFrameworksBuildPhase section */

/* Begin PBXGroup section */
		C09F0B862AE479FB00DB4239 = {
			isa = PBXGroup;
			children = (
				C09F0B912AE479FB00DB4239 /* FoodHackathon-iOS */,
				C09F0B902AE479FB00DB4239 /* Products */,
			);
			sourceTree = "<group>";
		};
		C09F0B902AE479FB00DB4239 /* Products */ = {
			isa = PBXGroup;
			children = (
				C09F0B8F2AE479FB00DB4239 /* Ritu-iOS.app */,
			);
			name = Products;
			sourceTree = "<group>";
		};
		C09F0B912AE479FB00DB4239 /* FoodHackathon-iOS */ = {
			isa = PBXGroup;
			children = (
				C09F0C042AE4B6F700DB4239 /* Extensions */,
				C09F0B922AE479FB00DB4239 /* FoodHackathon_iOSApp.swift */,
				C09F0BE02AE47E5000DB4239 /* RouterView.swift */,
				C09F0BEF2AE48DDC00DB4239 /* AppView.swift */,
				C09F0BDC2AE47DB300DB4239 /* Models */,
				C09F0BDA2AE47DA200DB4239 /* Views */,
				C09F0BDB2AE47DA800DB4239 /* ViewModels */,
				C09F0BD92AE47D9600DB4239 /* Services */,
				C09F0B942AE479FB00DB4239 /* ContentView.swift */,
				C09F0B962AE479FC00DB4239 /* Assets.xcassets */,
				C09F0B982AE479FC00DB4239 /* Preview Content */,
			);
			path = "FoodHackathon-iOS";
			sourceTree = "<group>";
		};
		C09F0B982AE479FC00DB4239 /* Preview Content */ = {
			isa = PBXGroup;
			children = (
				C09F0B992AE479FC00DB4239 /* Preview Assets.xcassets */,
			);
			path = "Preview Content";
			sourceTree = "<group>";
		};
		C09F0BD92AE47D9600DB4239 /* Services */ = {
			isa = PBXGroup;
			children = (
				C09F0BE22AE47E9D00DB4239 /* AuthenticationManager.swift */,
				C09F0BFB2AE4B17A00DB4239 /* LocationManager.swift */,
			);
			path = Services;
			sourceTree = "<group>";
		};
		C09F0BDA2AE47DA200DB4239 /* Views */ = {
			isa = PBXGroup;
			children = (
				C09F0BF82AE49EB700DB4239 /* Components */,
				C09F0BE92AE48D2000DB4239 /* AuthenticationView.swift */,
				C09F0BEB2AE48D5C00DB4239 /* SignUpView.swift */,
				C09F0BED2AE48D6200DB4239 /* SignInView.swift */,
				C0ACEC662AE4EF6C00599EDA /* SettingsView.swift */,
				C0ACEC6C2AE4F75300599EDA /* CropRecsView.swift */,
				C0CC32F32AE54D0C00E52CAE /* HomeView.swift */,
			);
			path = Views;
			sourceTree = "<group>";
		};
		C09F0BDB2AE47DA800DB4239 /* ViewModels */ = {
			isa = PBXGroup;
			children = (
				C09F0BF42AE498E400DB4239 /* SignUpViewModel.swift */,
				C09F0BF62AE498ED00DB4239 /* SignInViewModel.swift */,
				C0ACEC682AE4F1AD00599EDA /* HomeViewModel.swift */,
			);
			path = ViewModels;
			sourceTree = "<group>";
		};
		C09F0BDC2AE47DB300DB4239 /* Models */ = {
			isa = PBXGroup;
			children = (
				C09F0BE42AE47F1100DB4239 /* UserModel.swift */,
				C09F0BE62AE481C600DB4239 /* Crop.swift */,
				C09F0BF12AE48EA700DB4239 /* Credentials.swift */,
				C0ACEC6A2AE4F57800599EDA /* CropRecs.swift */,
				C022FC632AE5154A00C18BC1 /* Response.swift */,
			);
			path = Models;
			sourceTree = "<group>";
		};
		C09F0BF82AE49EB700DB4239 /* Components */ = {
			isa = PBXGroup;
			children = (
				C09F0BF92AE49EC500DB4239 /* CropTile.swift */,
			);
			path = Components;
			sourceTree = "<group>";
		};
		C09F0C042AE4B6F700DB4239 /* Extensions */ = {
			isa = PBXGroup;
			children = (
				C074A4822AE553990040698A /* Resolver.swift */,
				C09F0C052AE4B71400DB4239 /* App+Injection.swift */,
				C071CDCF2AE4E49F0054838B /* ButtonViewModifier.swift */,
			);
			path = Extensions;
			sourceTree = "<group>";
		};
/* End PBXGroup section */

/* Begin PBXNativeTarget section */
		C09F0B8E2AE479FB00DB4239 /* Ritu-iOS */ = {
			isa = PBXNativeTarget;
			buildConfigurationList = C09F0B9D2AE479FC00DB4239 /* Build configuration list for PBXNativeTarget "Ritu-iOS" */;
			buildPhases = (
				C09F0B8B2AE479FB00DB4239 /* Sources */,
				C09F0B8C2AE479FB00DB4239 /* Frameworks */,
				C09F0B8D2AE479FB00DB4239 /* Resources */,
			);
			buildRules = (
			);
			dependencies = (
			);
			name = "Ritu-iOS";
			packageProductDependencies = (
				C09F0BA12AE47A8D00DB4239 /* FirebaseAnalytics */,
				C09F0BA32AE47A8D00DB4239 /* FirebaseAnalyticsOnDeviceConversion */,
				C09F0BA52AE47A8D00DB4239 /* FirebaseAnalyticsSwift */,
				C09F0BA72AE47A8D00DB4239 /* FirebaseAnalyticsWithoutAdIdSupport */,
				C09F0BA92AE47A8D00DB4239 /* FirebaseAppCheck */,
				C09F0BAB2AE47A8D00DB4239 /* FirebaseAppDistribution-Beta */,
				C09F0BAD2AE47A8D00DB4239 /* FirebaseAuth */,
				C09F0BAF2AE47A8D00DB4239 /* FirebaseAuthCombine-Community */,
				C09F0BB12AE47A8D00DB4239 /* FirebaseCrashlytics */,
				C09F0BB32AE47A8D00DB4239 /* FirebaseDatabase */,
				C09F0BB52AE47A8D00DB4239 /* FirebaseDatabaseSwift */,
				C09F0BB72AE47A8D00DB4239 /* FirebaseDynamicLinks */,
				C09F0BB92AE47A8D00DB4239 /* FirebaseFirestore */,
				C09F0BBB2AE47A8D00DB4239 /* FirebaseFirestoreCombine-Community */,
				C09F0BBD2AE47A8D00DB4239 /* FirebaseFirestoreSwift */,
				C09F0BBF2AE47A8D00DB4239 /* FirebaseFunctions */,
				C09F0BC12AE47A8D00DB4239 /* FirebaseFunctionsCombine-Community */,
				C09F0BC32AE47A8D00DB4239 /* FirebaseInAppMessaging-Beta */,
				C09F0BC52AE47A8D00DB4239 /* FirebaseInAppMessagingSwift-Beta */,
				C09F0BC72AE47A8D00DB4239 /* FirebaseInstallations */,
				C09F0BC92AE47A8D00DB4239 /* FirebaseMLModelDownloader */,
				C09F0BCB2AE47A8D00DB4239 /* FirebaseMessaging */,
				C09F0BCD2AE47A8D00DB4239 /* FirebasePerformance */,
				C09F0BCF2AE47A8D00DB4239 /* FirebaseRemoteConfig */,
				C09F0BD12AE47A8D00DB4239 /* FirebaseRemoteConfigSwift */,
				C09F0BD32AE47A8D00DB4239 /* FirebaseStorage */,
				C09F0BD52AE47A8D00DB4239 /* FirebaseStorageCombine-Community */,
				C0CC32FD2AE54ED500E52CAE /* Alamofire */,
			);
			productName = "FoodHackathon-iOS";
			productReference = C09F0B8F2AE479FB00DB4239 /* Ritu-iOS.app */;
			productType = "com.apple.product-type.application";
		};
/* End PBXNativeTarget section */

/* Begin PBXProject section */
		C09F0B872AE479FB00DB4239 /* Project object */ = {
			isa = PBXProject;
			attributes = {
				BuildIndependentTargetsInParallel = 1;
				LastSwiftUpdateCheck = 1500;
				LastUpgradeCheck = 1500;
				TargetAttributes = {
					C09F0B8E2AE479FB00DB4239 = {
						CreatedOnToolsVersion = 15.0.1;
					};
				};
			};
			buildConfigurationList = C09F0B8A2AE479FB00DB4239 /* Build configuration list for PBXProject "Ritu-iOS" */;
			compatibilityVersion = "Xcode 14.0";
			developmentRegion = en;
			hasScannedForEncodings = 0;
			knownRegions = (
				en,
				Base,
			);
			mainGroup = C09F0B862AE479FB00DB4239;
			packageReferences = (
				C09F0BA02AE47A8D00DB4239 /* XCRemoteSwiftPackageReference "firebase-ios-sdk" */,
				C0CC32FC2AE54ED500E52CAE /* XCRemoteSwiftPackageReference "Alamofire" */,
			);
			productRefGroup = C09F0B902AE479FB00DB4239 /* Products */;
			projectDirPath = "";
			projectRoot = "";
			targets = (
				C09F0B8E2AE479FB00DB4239 /* Ritu-iOS */,
			);
		};
/* End PBXProject section */

/* Begin PBXResourcesBuildPhase section */
		C09F0B8D2AE479FB00DB4239 /* Resources */ = {
			isa = PBXResourcesBuildPhase;
			buildActionMask = 2147483647;
			files = (
				C09F0B9A2AE479FC00DB4239 /* Preview Assets.xcassets in Resources */,
				C09F0B972AE479FC00DB4239 /* Assets.xcassets in Resources */,
			);
			runOnlyForDeploymentPostprocessing = 0;
		};
/* End PBXResourcesBuildPhase section */

/* Begin PBXSourcesBuildPhase section */
		C09F0B8B2AE479FB00DB4239 /* Sources */ = {
			isa = PBXSourcesBuildPhase;
			buildActionMask = 2147483647;
			files = (
				C09F0BEE2AE48D6200DB4239 /* SignInView.swift in Sources */,
				C09F0BE12AE47E5000DB4239 /* RouterView.swift in Sources */,
				C09F0BFC2AE4B17A00DB4239 /* LocationManager.swift in Sources */,
				C074A4832AE553990040698A /* Resolver.swift in Sources */,
				C0ACEC692AE4F1AD00599EDA /* HomeViewModel.swift in Sources */,
				C09F0BE32AE47E9D00DB4239 /* AuthenticationManager.swift in Sources */,
				C09F0BF22AE48EA700DB4239 /* Credentials.swift in Sources */,
				C09F0BF72AE498ED00DB4239 /* SignInViewModel.swift in Sources */,
				C0ACEC6D2AE4F75300599EDA /* CropRecsView.swift in Sources */,
				C071CDD02AE4E49F0054838B /* ButtonViewModifier.swift in Sources */,
				C09F0B952AE479FB00DB4239 /* ContentView.swift in Sources */,
				C09F0BEA2AE48D2000DB4239 /* AuthenticationView.swift in Sources */,
				C0ACEC6B2AE4F57800599EDA /* CropRecs.swift in Sources */,
				C09F0BFA2AE49EC500DB4239 /* CropTile.swift in Sources */,
				C09F0BEC2AE48D5C00DB4239 /* SignUpView.swift in Sources */,
				C09F0BE52AE47F1100DB4239 /* UserModel.swift in Sources */,
				C09F0B932AE479FB00DB4239 /* FoodHackathon_iOSApp.swift in Sources */,
				C09F0BF02AE48DDC00DB4239 /* AppView.swift in Sources */,
				C09F0C062AE4B71400DB4239 /* App+Injection.swift in Sources */,
				C09F0BF52AE498E400DB4239 /* SignUpViewModel.swift in Sources */,
				C022FC642AE5154A00C18BC1 /* Response.swift in Sources */,
				C09F0BE72AE481C600DB4239 /* Crop.swift in Sources */,
				C0CC32F42AE54D0C00E52CAE /* HomeView.swift in Sources */,
				C0ACEC672AE4EF6C00599EDA /* SettingsView.swift in Sources */,
			);
			runOnlyForDeploymentPostprocessing = 0;
		};
/* End PBXSourcesBuildPhase section */

/* Begin XCBuildConfiguration section */
		C09F0B9B2AE479FC00DB4239 /* Debug */ = {
			isa = XCBuildConfiguration;
			buildSettings = {
				ALWAYS_SEARCH_USER_PATHS = NO;
				ASSETCATALOG_COMPILER_GENERATE_SWIFT_ASSET_SYMBOL_EXTENSIONS = YES;
				CLANG_ANALYZER_NONNULL = YES;
				CLANG_ANALYZER_NUMBER_OBJECT_CONVERSION = YES_AGGRESSIVE;
				CLANG_CXX_LANGUAGE_STANDARD = "gnu++20";
				CLANG_ENABLE_MODULES = YES;
				CLANG_ENABLE_OBJC_ARC = YES;
				CLANG_ENABLE_OBJC_WEAK = YES;
				CLANG_WARN_BLOCK_CAPTURE_AUTORELEASING = YES;
				CLANG_WARN_BOOL_CONVERSION = YES;
				CLANG_WARN_COMMA = YES;
				CLANG_WARN_CONSTANT_CONVERSION = YES;
				CLANG_WARN_DEPRECATED_OBJC_IMPLEMENTATIONS = YES;
				CLANG_WARN_DIRECT_OBJC_ISA_USAGE = YES_ERROR;
				CLANG_WARN_DOCUMENTATION_COMMENTS = YES;
				CLANG_WARN_EMPTY_BODY = YES;
				CLANG_WARN_ENUM_CONVERSION = YES;
				CLANG_WARN_INFINITE_RECURSION = YES;
				CLANG_WARN_INT_CONVERSION = YES;
				CLANG_WARN_NON_LITERAL_NULL_CONVERSION = YES;
				CLANG_WARN_OBJC_IMPLICIT_RETAIN_SELF = YES;
				CLANG_WARN_OBJC_LITERAL_CONVERSION = YES;
				CLANG_WARN_OBJC_ROOT_CLASS = YES_ERROR;
				CLANG_WARN_QUOTED_INCLUDE_IN_FRAMEWORK_HEADER = YES;
				CLANG_WARN_RANGE_LOOP_ANALYSIS = YES;
				CLANG_WARN_STRICT_PROTOTYPES = YES;
				CLANG_WARN_SUSPICIOUS_MOVE = YES;
				CLANG_WARN_UNGUARDED_AVAILABILITY = YES_AGGRESSIVE;
				CLANG_WARN_UNREACHABLE_CODE = YES;
				CLANG_WARN__DUPLICATE_METHOD_MATCH = YES;
				COPY_PHASE_STRIP = NO;
				DEBUG_INFORMATION_FORMAT = dwarf;
				ENABLE_STRICT_OBJC_MSGSEND = YES;
				ENABLE_TESTABILITY = YES;
				ENABLE_USER_SCRIPT_SANDBOXING = YES;
				GCC_C_LANGUAGE_STANDARD = gnu17;
				GCC_DYNAMIC_NO_PIC = NO;
				GCC_NO_COMMON_BLOCKS = YES;
				GCC_OPTIMIZATION_LEVEL = 0;
				GCC_PREPROCESSOR_DEFINITIONS = (
					"DEBUG=1",
					"$(inherited)",
				);
				GCC_WARN_64_TO_32_BIT_CONVERSION = YES;
				GCC_WARN_ABOUT_RETURN_TYPE = YES_ERROR;
				GCC_WARN_UNDECLARED_SELECTOR = YES;
				GCC_WARN_UNINITIALIZED_AUTOS = YES_AGGRESSIVE;
				GCC_WARN_UNUSED_FUNCTION = YES;
				GCC_WARN_UNUSED_VARIABLE = YES;
				IPHONEOS_DEPLOYMENT_TARGET = 17.0;
				LOCALIZATION_PREFERS_STRING_CATALOGS = YES;
				MTL_ENABLE_DEBUG_INFO = INCLUDE_SOURCE;
				MTL_FAST_MATH = YES;
				ONLY_ACTIVE_ARCH = YES;
				SDKROOT = iphoneos;
				SWIFT_ACTIVE_COMPILATION_CONDITIONS = "DEBUG $(inherited)";
				SWIFT_OPTIMIZATION_LEVEL = "-Onone";
			};
			name = Debug;
		};
		C09F0B9C2AE479FC00DB4239 /* Release */ = {
			isa = XCBuildConfiguration;
			buildSettings = {
				ALWAYS_SEARCH_USER_PATHS = NO;
				ASSETCATALOG_COMPILER_GENERATE_SWIFT_ASSET_SYMBOL_EXTENSIONS = YES;
				CLANG_ANALYZER_NONNULL = YES;
				CLANG_ANALYZER_NUMBER_OBJECT_CONVERSION = YES_AGGRESSIVE;
				CLANG_CXX_LANGUAGE_STANDARD = "gnu++20";
				CLANG_ENABLE_MODULES = YES;
				CLANG_ENABLE_OBJC_ARC = YES;
				CLANG_ENABLE_OBJC_WEAK = YES;
				CLANG_WARN_BLOCK_CAPTURE_AUTORELEASING = YES;
				CLANG_WARN_BOOL_CONVERSION = YES;
				CLANG_WARN_COMMA = YES;
				CLANG_WARN_CONSTANT_CONVERSION = YES;
				CLANG_WARN_DEPRECATED_OBJC_IMPLEMENTATIONS = YES;
				CLANG_WARN_DIRECT_OBJC_ISA_USAGE = YES_ERROR;
				CLANG_WARN_DOCUMENTATION_COMMENTS = YES;
				CLANG_WARN_EMPTY_BODY = YES;
				CLANG_WARN_ENUM_CONVERSION = YES;
				CLANG_WARN_INFINITE_RECURSION = YES;
				CLANG_WARN_INT_CONVERSION = YES;
				CLANG_WARN_NON_LITERAL_NULL_CONVERSION = YES;
				CLANG_WARN_OBJC_IMPLICIT_RETAIN_SELF = YES;
				CLANG_WARN_OBJC_LITERAL_CONVERSION = YES;
				CLANG_WARN_OBJC_ROOT_CLASS = YES_ERROR;
				CLANG_WARN_QUOTED_INCLUDE_IN_FRAMEWORK_HEADER = YES;
				CLANG_WARN_RANGE_LOOP_ANALYSIS = YES;
				CLANG_WARN_STRICT_PROTOTYPES = YES;
				CLANG_WARN_SUSPICIOUS_MOVE = YES;
				CLANG_WARN_UNGUARDED_AVAILABILITY = YES_AGGRESSIVE;
				CLANG_WARN_UNREACHABLE_CODE = YES;
				CLANG_WARN__DUPLICATE_METHOD_MATCH = YES;
				COPY_PHASE_STRIP = NO;
				DEBUG_INFORMATION_FORMAT = "dwarf-with-dsym";
				ENABLE_NS_ASSERTIONS = NO;
				ENABLE_STRICT_OBJC_MSGSEND = YES;
				ENABLE_USER_SCRIPT_SANDBOXING = YES;
				GCC_C_LANGUAGE_STANDARD = gnu17;
				GCC_NO_COMMON_BLOCKS = YES;
				GCC_WARN_64_TO_32_BIT_CONVERSION = YES;
				GCC_WARN_ABOUT_RETURN_TYPE = YES_ERROR;
				GCC_WARN_UNDECLARED_SELECTOR = YES;
				GCC_WARN_UNINITIALIZED_AUTOS = YES_AGGRESSIVE;
				GCC_WARN_UNUSED_FUNCTION = YES;
				GCC_WARN_UNUSED_VARIABLE = YES;
				IPHONEOS_DEPLOYMENT_TARGET = 17.0;
				LOCALIZATION_PREFERS_STRING_CATALOGS = YES;
				MTL_ENABLE_DEBUG_INFO = NO;
				MTL_FAST_MATH = YES;
				SDKROOT = iphoneos;
				SWIFT_COMPILATION_MODE = wholemodule;
				VALIDATE_PRODUCT = YES;
			};
			name = Release;
		};
		C09F0B9E2AE479FC00DB4239 /* Debug */ = {
			isa = XCBuildConfiguration;
			buildSettings = {
				ASSETCATALOG_COMPILER_APPICON_NAME = AppIcon;
				ASSETCATALOG_COMPILER_GLOBAL_ACCENT_COLOR_NAME = AccentColor;
				CODE_SIGN_STYLE = Automatic;
				CURRENT_PROJECT_VERSION = 1;
				DEVELOPMENT_ASSET_PATHS = "\"FoodHackathon-iOS/Preview Content\"";
				DEVELOPMENT_TEAM = P5ST498MF7;
				ENABLE_PREVIEWS = YES;
				GENERATE_INFOPLIST_FILE = YES;
				INFOPLIST_KEY_CFBundleDisplayName = Ritu;
				INFOPLIST_KEY_NSLocationWhenInUseUsageDescription = "We need your location to get weather data";
				INFOPLIST_KEY_UIApplicationSceneManifest_Generation = YES;
				INFOPLIST_KEY_UIApplicationSupportsIndirectInputEvents = YES;
				INFOPLIST_KEY_UILaunchScreen_Generation = YES;
				INFOPLIST_KEY_UISupportedInterfaceOrientations_iPad = "UIInterfaceOrientationPortrait UIInterfaceOrientationPortraitUpsideDown UIInterfaceOrientationLandscapeLeft UIInterfaceOrientationLandscapeRight";
				INFOPLIST_KEY_UISupportedInterfaceOrientations_iPhone = "UIInterfaceOrientationPortrait UIInterfaceOrientationLandscapeLeft UIInterfaceOrientationLandscapeRight";
				LD_RUNPATH_SEARCH_PATHS = (
					"$(inherited)",
					"@executable_path/Frameworks",
				);
				MARKETING_VERSION = 1.0;
				PRODUCT_BUNDLE_IDENTIFIER = "com.stevenyuser.Ritu-iOS";
				PRODUCT_NAME = "$(TARGET_NAME)";
				SWIFT_EMIT_LOC_STRINGS = YES;
				SWIFT_VERSION = 5.0;
				TARGETED_DEVICE_FAMILY = "1,2";
			};
			name = Debug;
		};
		C09F0B9F2AE479FC00DB4239 /* Release */ = {
			isa = XCBuildConfiguration;
			buildSettings = {
				ASSETCATALOG_COMPILER_APPICON_NAME = AppIcon;
				ASSETCATALOG_COMPILER_GLOBAL_ACCENT_COLOR_NAME = AccentColor;
				CODE_SIGN_STYLE = Automatic;
				CURRENT_PROJECT_VERSION = 1;
				DEVELOPMENT_ASSET_PATHS = "\"FoodHackathon-iOS/Preview Content\"";
				DEVELOPMENT_TEAM = P5ST498MF7;
				ENABLE_PREVIEWS = YES;
				GENERATE_INFOPLIST_FILE = YES;
				INFOPLIST_KEY_CFBundleDisplayName = Ritu;
				INFOPLIST_KEY_NSLocationWhenInUseUsageDescription = "We need your location to get weather data";
				INFOPLIST_KEY_UIApplicationSceneManifest_Generation = YES;
				INFOPLIST_KEY_UIApplicationSupportsIndirectInputEvents = YES;
				INFOPLIST_KEY_UILaunchScreen_Generation = YES;
				INFOPLIST_KEY_UISupportedInterfaceOrientations_iPad = "UIInterfaceOrientationPortrait UIInterfaceOrientationPortraitUpsideDown UIInterfaceOrientationLandscapeLeft UIInterfaceOrientationLandscapeRight";
				INFOPLIST_KEY_UISupportedInterfaceOrientations_iPhone = "UIInterfaceOrientationPortrait UIInterfaceOrientationLandscapeLeft UIInterfaceOrientationLandscapeRight";
				LD_RUNPATH_SEARCH_PATHS = (
					"$(inherited)",
					"@executable_path/Frameworks",
				);
				MARKETING_VERSION = 1.0;
				PRODUCT_BUNDLE_IDENTIFIER = "com.stevenyuser.Ritu-iOS";
				PRODUCT_NAME = "$(TARGET_NAME)";
				SWIFT_EMIT_LOC_STRINGS = YES;
				SWIFT_VERSION = 5.0;
				TARGETED_DEVICE_FAMILY = "1,2";
			};
			name = Release;
		};
/* End XCBuildConfiguration section */

/* Begin XCConfigurationList section */
		C09F0B8A2AE479FB00DB4239 /* Build configuration list for PBXProject "Ritu-iOS" */ = {
			isa = XCConfigurationList;
			buildConfigurations = (
				C09F0B9B2AE479FC00DB4239 /* Debug */,
				C09F0B9C2AE479FC00DB4239 /* Release */,
			);
			defaultConfigurationIsVisible = 0;
			defaultConfigurationName = Release;
		};
		C09F0B9D2AE479FC00DB4239 /* Build configuration list for PBXNativeTarget "Ritu-iOS" */ = {
			isa = XCConfigurationList;
			buildConfigurations = (
				C09F0B9E2AE479FC00DB4239 /* Debug */,
				C09F0B9F2AE479FC00DB4239 /* Release */,
			);
			defaultConfigurationIsVisible = 0;
			defaultConfigurationName = Release;
		};
/* End XCConfigurationList section */

/* Begin XCRemoteSwiftPackageReference section */
		C09F0BA02AE47A8D00DB4239 /* XCRemoteSwiftPackageReference "firebase-ios-sdk" */ = {
			isa = XCRemoteSwiftPackageReference;
			repositoryURL = "https://github.com/firebase/firebase-ios-sdk";
			requirement = {
				kind = upToNextMajorVersion;
				minimumVersion = 10.16.0;
			};
		};
		C0CC32FC2AE54ED500E52CAE /* XCRemoteSwiftPackageReference "Alamofire" */ = {
			isa = XCRemoteSwiftPackageReference;
			repositoryURL = "https://github.com/Alamofire/Alamofire";
			requirement = {
				kind = upToNextMajorVersion;
				minimumVersion = 5.8.0;
			};
		};
/* End XCRemoteSwiftPackageReference section */

/* Begin XCSwiftPackageProductDependency section */
		C09F0BA12AE47A8D00DB4239 /* FirebaseAnalytics */ = {
			isa = XCSwiftPackageProductDependency;
			package = C09F0BA02AE47A8D00DB4239 /* XCRemoteSwiftPackageReference "firebase-ios-sdk" */;
			productName = FirebaseAnalytics;
		};
		C09F0BA32AE47A8D00DB4239 /* FirebaseAnalyticsOnDeviceConversion */ = {
			isa = XCSwiftPackageProductDependency;
			package = C09F0BA02AE47A8D00DB4239 /* XCRemoteSwiftPackageReference "firebase-ios-sdk" */;
			productName = FirebaseAnalyticsOnDeviceConversion;
		};
		C09F0BA52AE47A8D00DB4239 /* FirebaseAnalyticsSwift */ = {
			isa = XCSwiftPackageProductDependency;
			package = C09F0BA02AE47A8D00DB4239 /* XCRemoteSwiftPackageReference "firebase-ios-sdk" */;
			productName = FirebaseAnalyticsSwift;
		};
		C09F0BA72AE47A8D00DB4239 /* FirebaseAnalyticsWithoutAdIdSupport */ = {
			isa = XCSwiftPackageProductDependency;
			package = C09F0BA02AE47A8D00DB4239 /* XCRemoteSwiftPackageReference "firebase-ios-sdk" */;
			productName = FirebaseAnalyticsWithoutAdIdSupport;
		};
		C09F0BA92AE47A8D00DB4239 /* FirebaseAppCheck */ = {
			isa = XCSwiftPackageProductDependency;
			package = C09F0BA02AE47A8D00DB4239 /* XCRemoteSwiftPackageReference "firebase-ios-sdk" */;
			productName = FirebaseAppCheck;
		};
		C09F0BAB2AE47A8D00DB4239 /* FirebaseAppDistribution-Beta */ = {
			isa = XCSwiftPackageProductDependency;
			package = C09F0BA02AE47A8D00DB4239 /* XCRemoteSwiftPackageReference "firebase-ios-sdk" */;
			productName = "FirebaseAppDistribution-Beta";
		};
		C09F0BAD2AE47A8D00DB4239 /* FirebaseAuth */ = {
			isa = XCSwiftPackageProductDependency;
			package = C09F0BA02AE47A8D00DB4239 /* XCRemoteSwiftPackageReference "firebase-ios-sdk" */;
			productName = FirebaseAuth;
		};
		C09F0BAF2AE47A8D00DB4239 /* FirebaseAuthCombine-Community */ = {
			isa = XCSwiftPackageProductDependency;
			package = C09F0BA02AE47A8D00DB4239 /* XCRemoteSwiftPackageReference "firebase-ios-sdk" */;
			productName = "FirebaseAuthCombine-Community";
		};
		C09F0BB12AE47A8D00DB4239 /* FirebaseCrashlytics */ = {
			isa = XCSwiftPackageProductDependency;
			package = C09F0BA02AE47A8D00DB4239 /* XCRemoteSwiftPackageReference "firebase-ios-sdk" */;
			productName = FirebaseCrashlytics;
		};
		C09F0BB32AE47A8D00DB4239 /* FirebaseDatabase */ = {
			isa = XCSwiftPackageProductDependency;
			package = C09F0BA02AE47A8D00DB4239 /* XCRemoteSwiftPackageReference "firebase-ios-sdk" */;
			productName = FirebaseDatabase;
		};
		C09F0BB52AE47A8D00DB4239 /* FirebaseDatabaseSwift */ = {
			isa = XCSwiftPackageProductDependency;
			package = C09F0BA02AE47A8D00DB4239 /* XCRemoteSwiftPackageReference "firebase-ios-sdk" */;
			productName = FirebaseDatabaseSwift;
		};
		C09F0BB72AE47A8D00DB4239 /* FirebaseDynamicLinks */ = {
			isa = XCSwiftPackageProductDependency;
			package = C09F0BA02AE47A8D00DB4239 /* XCRemoteSwiftPackageReference "firebase-ios-sdk" */;
			productName = FirebaseDynamicLinks;
		};
		C09F0BB92AE47A8D00DB4239 /* FirebaseFirestore */ = {
			isa = XCSwiftPackageProductDependency;
			package = C09F0BA02AE47A8D00DB4239 /* XCRemoteSwiftPackageReference "firebase-ios-sdk" */;
			productName = FirebaseFirestore;
		};
		C09F0BBB2AE47A8D00DB4239 /* FirebaseFirestoreCombine-Community */ = {
			isa = XCSwiftPackageProductDependency;
			package = C09F0BA02AE47A8D00DB4239 /* XCRemoteSwiftPackageReference "firebase-ios-sdk" */;
			productName = "FirebaseFirestoreCombine-Community";
		};
		C09F0BBD2AE47A8D00DB4239 /* FirebaseFirestoreSwift */ = {
			isa = XCSwiftPackageProductDependency;
			package = C09F0BA02AE47A8D00DB4239 /* XCRemoteSwiftPackageReference "firebase-ios-sdk" */;
			productName = FirebaseFirestoreSwift;
		};
		C09F0BBF2AE47A8D00DB4239 /* FirebaseFunctions */ = {
			isa = XCSwiftPackageProductDependency;
			package = C09F0BA02AE47A8D00DB4239 /* XCRemoteSwiftPackageReference "firebase-ios-sdk" */;
			productName = FirebaseFunctions;
		};
		C09F0BC12AE47A8D00DB4239 /* FirebaseFunctionsCombine-Community */ = {
			isa = XCSwiftPackageProductDependency;
			package = C09F0BA02AE47A8D00DB4239 /* XCRemoteSwiftPackageReference "firebase-ios-sdk" */;
			productName = "FirebaseFunctionsCombine-Community";
		};
		C09F0BC32AE47A8D00DB4239 /* FirebaseInAppMessaging-Beta */ = {
			isa = XCSwiftPackageProductDependency;
			package = C09F0BA02AE47A8D00DB4239 /* XCRemoteSwiftPackageReference "firebase-ios-sdk" */;
			productName = "FirebaseInAppMessaging-Beta";
		};
		C09F0BC52AE47A8D00DB4239 /* FirebaseInAppMessagingSwift-Beta */ = {
			isa = XCSwiftPackageProductDependency;
			package = C09F0BA02AE47A8D00DB4239 /* XCRemoteSwiftPackageReference "firebase-ios-sdk" */;
			productName = "FirebaseInAppMessagingSwift-Beta";
		};
		C09F0BC72AE47A8D00DB4239 /* FirebaseInstallations */ = {
			isa = XCSwiftPackageProductDependency;
			package = C09F0BA02AE47A8D00DB4239 /* XCRemoteSwiftPackageReference "firebase-ios-sdk" */;
			productName = FirebaseInstallations;
		};
		C09F0BC92AE47A8D00DB4239 /* FirebaseMLModelDownloader */ = {
			isa = XCSwiftPackageProductDependency;
			package = C09F0BA02AE47A8D00DB4239 /* XCRemoteSwiftPackageReference "firebase-ios-sdk" */;
			productName = FirebaseMLModelDownloader;
		};
		C09F0BCB2AE47A8D00DB4239 /* FirebaseMessaging */ = {
			isa = XCSwiftPackageProductDependency;
			package = C09F0BA02AE47A8D00DB4239 /* XCRemoteSwiftPackageReference "firebase-ios-sdk" */;
			productName = FirebaseMessaging;
		};
		C09F0BCD2AE47A8D00DB4239 /* FirebasePerformance */ = {
			isa = XCSwiftPackageProductDependency;
			package = C09F0BA02AE47A8D00DB4239 /* XCRemoteSwiftPackageReference "firebase-ios-sdk" */;
			productName = FirebasePerformance;
		};
		C09F0BCF2AE47A8D00DB4239 /* FirebaseRemoteConfig */ = {
			isa = XCSwiftPackageProductDependency;
			package = C09F0BA02AE47A8D00DB4239 /* XCRemoteSwiftPackageReference "firebase-ios-sdk" */;
			productName = FirebaseRemoteConfig;
		};
		C09F0BD12AE47A8D00DB4239 /* FirebaseRemoteConfigSwift */ = {
			isa = XCSwiftPackageProductDependency;
			package = C09F0BA02AE47A8D00DB4239 /* XCRemoteSwiftPackageReference "firebase-ios-sdk" */;
			productName = FirebaseRemoteConfigSwift;
		};
		C09F0BD32AE47A8D00DB4239 /* FirebaseStorage */ = {
			isa = XCSwiftPackageProductDependency;
			package = C09F0BA02AE47A8D00DB4239 /* XCRemoteSwiftPackageReference "firebase-ios-sdk" */;
			productName = FirebaseStorage;
		};
		C09F0BD52AE47A8D00DB4239 /* FirebaseStorageCombine-Community */ = {
			isa = XCSwiftPackageProductDependency;
			package = C09F0BA02AE47A8D00DB4239 /* XCRemoteSwiftPackageReference "firebase-ios-sdk" */;
			productName = "FirebaseStorageCombine-Community";
		};
		C0CC32FD2AE54ED500E52CAE /* Alamofire */ = {
			isa = XCSwiftPackageProductDependency;
			package = C0CC32FC2AE54ED500E52CAE /* XCRemoteSwiftPackageReference "Alamofire" */;
			productName = Alamofire;
		};
/* End XCSwiftPackageProductDependency section */
	};
	rootObject = C09F0B872AE479FB00DB4239 /* Project object */;
}
